hash: 94e0fc46f5551193d064e295bd761ccbb3770c19dee685d8af7e2320ddbf4681
updated: 2017-01-30T19:34:51.301220456Z
imports:
- name: github.com/codegangsta/envy
  version: 4b78388c8ce4fa412440ca4eaa654e2fdd752e49
  subpackages:
  - lib
- name: github.com/mattn/go-shellwords
  version: 753a2322a99f87c0eff284980e77f53041555bc6
- name: gopkg.in/urfave/cli.v1
  version: 0bdeddeeb0f650497d603c4ad7b20cfe685682f6
testImports:
- name: github.com/codegangsta/gin
  version: b2d0f660ae0db9c0a6e9fbdf0349e138f3802292
  subpackages:
  - lib
